// !$*UTF8*$!
{
	archiveVersion = 1;
	classes = {
	};
	objectVersion = 56;
	objects = {

/* Begin PBXBuildFile section */
		7062FF782AFE7FD8004B50E9 /* AppDelegate.swift in Sources */ = {isa = PBXBuildFile; fileRef = 7062FF772AFE7FD8004B50E9 /* AppDelegate.swift */; };
		7062FF7A2AFE7FD8004B50E9 /* GameScene.sks in Resources */ = {isa = PBXBuildFile; fileRef = 7062FF792AFE7FD8004B50E9 /* GameScene.sks */; };
		7062FF7C2AFE7FD8004B50E9 /* Actions.sks in Resources */ = {isa = PBXBuildFile; fileRef = 7062FF7B2AFE7FD8004B50E9 /* Actions.sks */; };
		7062FF7E2AFE7FD8004B50E9 /* GameScene.swift in Sources */ = {isa = PBXBuildFile; fileRef = 7062FF7D2AFE7FD8004B50E9 /* GameScene.swift */; };
		7062FF802AFE7FD8004B50E9 /* GameViewController.swift in Sources */ = {isa = PBXBuildFile; fileRef = 7062FF7F2AFE7FD8004B50E9 /* GameViewController.swift */; };
		7062FF832AFE7FD8004B50E9 /* Main.storyboard in Resources */ = {isa = PBXBuildFile; fileRef = 7062FF812AFE7FD8004B50E9 /* Main.storyboard */; };
		7062FF852AFE7FD8004B50E9 /* Assets.xcassets in Resources */ = {isa = PBXBuildFile; fileRef = 7062FF842AFE7FD8004B50E9 /* Assets.xcassets */; };
		7062FF882AFE7FD8004B50E9 /* LaunchScreen.storyboard in Resources */ = {isa = PBXBuildFile; fileRef = 7062FF862AFE7FD8004B50E9 /* LaunchScreen.storyboard */; };
		7062FF922AFE7FD8004B50E9 /* SamFLTests.swift in Sources */ = {isa = PBXBuildFile; fileRef = 7062FF912AFE7FD8004B50E9 /* SamFLTests.swift */; };
		7062FF9C2AFE7FD8004B50E9 /* SamFLUITests.swift in Sources */ = {isa = PBXBuildFile; fileRef = 7062FF9B2AFE7FD8004B50E9 /* SamFLUITests.swift */; };
		7062FF9E2AFE7FD8004B50E9 /* SamFLUITestsLaunchTests.swift in Sources */ = {isa = PBXBuildFile; fileRef = 7062FF9D2AFE7FD8004B50E9 /* SamFLUITestsLaunchTests.swift */; };
		7062FFAD2AFE8A55004B50E9 /* SamFL.mp3 in Resources */ = {isa = PBXBuildFile; fileRef = 7062FFAC2AFE8A55004B50E9 /* SamFL.mp3 */; };
		70C2E6982AFEB34400FD5803 /* Sam2.png in Resources */ = {isa = PBXBuildFile; fileRef = 70C2E6972AFEB34400FD5803 /* Sam2.png */; };
/* End PBXBuildFile section */

/* Begin PBXContainerItemProxy section */
		7062FF8E2AFE7FD8004B50E9 /* PBXContainerItemProxy */ = {
			isa = PBXContainerItemProxy;
			containerPortal = 7062FF6C2AFE7FD8004B50E9 /* Project object */;
			proxyType = 1;
			remoteGlobalIDString = 7062FF732AFE7FD8004B50E9;
			remoteInfo = SamFL;
		};
		7062FF982AFE7FD8004B50E9 /* PBXContainerItemProxy */ = {
			isa = PBXContainerItemProxy;
			containerPortal = 7062FF6C2AFE7FD8004B50E9 /* Project object */;
			proxyType = 1;
			remoteGlobalIDString = 7062FF732AFE7FD8004B50E9;
			remoteInfo = SamFL;
		};
/* End PBXContainerItemProxy section */

/* Begin PBXFileReference section */
		7062FF742AFE7FD8004B50E9 /* SamFL.app */ = {isa = PBXFileReference; explicitFileType = wrapper.application; includeInIndex = 0; path = SamFL.app; sourceTree = BUILT_PRODUCTS_DIR; };
		7062FF772AFE7FD8004B50E9 /* AppDelegate.swift */ = {isa = PBXFileReference; lastKnownFileType = sourcecode.swift; path = AppDelegate.swift; sourceTree = "<group>"; };
		7062FF792AFE7FD8004B50E9 /* GameScene.sks */ = {isa = PBXFileReference; lastKnownFileType = file.sks; path = GameScene.sks; sourceTree = "<group>"; };
		7062FF7B2AFE7FD8004B50E9 /* Actions.sks */ = {isa = PBXFileReference; lastKnownFileType = file.sks; path = Actions.sks; sourceTree = "<group>"; };
		7062FF7D2AFE7FD8004B50E9 /* GameScene.swift */ = {isa = PBXFileReference; lastKnownFileType = sourcecode.swift; path = GameScene.swift; sourceTree = "<group>"; };
		7062FF7F2AFE7FD8004B50E9 /* GameViewController.swift */ = {isa = PBXFileReference; lastKnownFileType = sourcecode.swift; path = GameViewController.swift; sourceTree = "<group>"; };
		7062FF822AFE7FD8004B50E9 /* Base */ = {isa = PBXFileReference; lastKnownFileType = file.storyboard; name = Base; path = Base.lproj/Main.storyboard; sourceTree = "<group>"; };
		7062FF842AFE7FD8004B50E9 /* Assets.xcassets */ = {isa = PBXFileReference; lastKnownFileType = folder.assetcatalog; path = Assets.xcassets; sourceTree = "<group>"; };
		7062FF872AFE7FD8004B50E9 /* Base */ = {isa = PBXFileReference; lastKnownFileType = file.storyboard; name = Base; path = Base.lproj/LaunchScreen.storyboard; sourceTree = "<group>"; };
		7062FF8D2AFE7FD8004B50E9 /* SamFLTests.xctest */ = {isa = PBXFileReference; explicitFileType = wrapper.cfbundle; includeInIndex = 0; path = SamFLTests.xctest; sourceTree = BUILT_PRODUCTS_DIR; };
		7062FF912AFE7FD8004B50E9 /* SamFLTests.swift */ = {isa = PBXFileReference; lastKnownFileType = sourcecode.swift; path = SamFLTests.swift; sourceTree = "<group>"; };
		7062FF972AFE7FD8004B50E9 /* SamFLUITests.xctest */ = {isa = PBXFileReference; explicitFileType = wrapper.cfbundle; includeInIndex = 0; path = SamFLUITests.xctest; sourceTree = BUILT_PRODUCTS_DIR; };
		7062FF9B2AFE7FD8004B50E9 /* SamFLUITests.swift */ = {isa = PBXFileReference; lastKnownFileType = sourcecode.swift; path = SamFLUITests.swift; sourceTree = "<group>"; };
		7062FF9D2AFE7FD8004B50E9 /* SamFLUITestsLaunchTests.swift */ = {isa = PBXFileReference; lastKnownFileType = sourcecode.swift; path = SamFLUITestsLaunchTests.swift; sourceTree = "<group>"; };
		7062FFAC2AFE8A55004B50E9 /* SamFL.mp3 */ = {isa = PBXFileReference; lastKnownFileType = audio.mp3; path = SamFL.mp3; sourceTree = "<group>"; };
		70C2E6972AFEB34400FD5803 /* Sam2.png */ = {isa = PBXFileReference; lastKnownFileType = image.png; name = Sam2.png; path = Assets.xcassets/Sam2.png; sourceTree = "<group>"; };
/* End PBXFileReference section */

/* Begin PBXFrameworksBuildPhase section */
		7062FF712AFE7FD8004B50E9 /* Frameworks */ = {
			isa = PBXFrameworksBuildPhase;
			buildActionMask = 2147483647;
			files = (
			);
			runOnlyForDeploymentPostprocessing = 0;
		};
		7062FF8A2AFE7FD8004B50E9 /* Frameworks */ = {
			isa = PBXFrameworksBuildPhase;
			buildActionMask = 2147483647;
			files = (
			);
			runOnlyForDeploymentPostprocessing = 0;
		};
		7062FF942AFE7FD8004B50E9 /* Frameworks */ = {
			isa = PBXFrameworksBuildPhase;
			buildActionMask = 2147483647;
			files = (
			);
			runOnlyForDeploymentPostprocessing = 0;
		};
/* End PBXFrameworksBuildPhase section */

/* Begin PBXGroup section */
		7062FF6B2AFE7FD8004B50E9 = {
			isa = PBXGroup;
			children = (
				7062FF762AFE7FD8004B50E9 /* SamFL */,
				7062FF902AFE7FD8004B50E9 /* SamFLTests */,
				7062FF9A2AFE7FD8004B50E9 /* SamFLUITests */,
				7062FF752AFE7FD8004B50E9 /* Products */,
			);
			sourceTree = "<group>";
		};
		7062FF752AFE7FD8004B50E9 /* Products */ = {
			isa = PBXGroup;
			children = (
				7062FF742AFE7FD8004B50E9 /* SamFL.app */,
				7062FF8D2AFE7FD8004B50E9 /* SamFLTests.xctest */,
				7062FF972AFE7FD8004B50E9 /* SamFLUITests.xctest */,
			);
			name = Products;
			sourceTree = "<group>";
		};
		7062FF762AFE7FD8004B50E9 /* SamFL */ = {
			isa = PBXGroup;
			children = (
				70C2E6972AFEB34400FD5803 /* Sam2.png */,
				7062FFAC2AFE8A55004B50E9 /* SamFL.mp3 */,
				7062FF772AFE7FD8004B50E9 /* AppDelegate.swift */,
				7062FF792AFE7FD8004B50E9 /* GameScene.sks */,
				7062FF7B2AFE7FD8004B50E9 /* Actions.sks */,
				7062FF7D2AFE7FD8004B50E9 /* GameScene.swift */,
				7062FF7F2AFE7FD8004B50E9 /* GameViewController.swift */,
				7062FF812AFE7FD8004B50E9 /* Main.storyboard */,
				7062FF842AFE7FD8004B50E9 /* Assets.xcassets */,
				7062FF862AFE7FD8004B50E9 /* LaunchScreen.storyboard */,
			);
			path = SamFL;
			sourceTree = "<group>";
		};
		7062FF902AFE7FD8004B50E9 /* SamFLTests */ = {
			isa = PBXGroup;
			children = (
				7062FF912AFE7FD8004B50E9 /* SamFLTests.swift */,
			);
			path = SamFLTests;
			sourceTree = "<group>";
		};
		7062FF9A2AFE7FD8004B50E9 /* SamFLUITests */ = {
			isa = PBXGroup;
			children = (
				7062FF9B2AFE7FD8004B50E9 /* SamFLUITests.swift */,
				7062FF9D2AFE7FD8004B50E9 /* SamFLUITestsLaunchTests.swift */,
			);
			path = SamFLUITests;
			sourceTree = "<group>";
		};
/* End PBXGroup section */

/* Begin PBXNativeTarget section */
		7062FF732AFE7FD8004B50E9 /* SamFL */ = {
			isa = PBXNativeTarget;
			buildConfigurationList = 7062FFA12AFE7FD8004B50E9 /* Build configuration list for PBXNativeTarget "SamFL" */;
			buildPhases = (
				7062FF702AFE7FD8004B50E9 /* Sources */,
				7062FF712AFE7FD8004B50E9 /* Frameworks */,
				7062FF722AFE7FD8004B50E9 /* Resources */,
			);
			buildRules = (
			);
			dependencies = (
			);
			name = SamFL;
			productName = SamFL;
			productReference = 7062FF742AFE7FD8004B50E9 /* SamFL.app */;
			productType = "com.apple.product-type.application";
		};
		7062FF8C2AFE7FD8004B50E9 /* SamFLTests */ = {
			isa = PBXNativeTarget;
			buildConfigurationList = 7062FFA42AFE7FD8004B50E9 /* Build configuration list for PBXNativeTarget "SamFLTests" */;
			buildPhases = (
				7062FF892AFE7FD8004B50E9 /* Sources */,
				7062FF8A2AFE7FD8004B50E9 /* Frameworks */,
				7062FF8B2AFE7FD8004B50E9 /* Resources */,
			);
			buildRules = (
			);
			dependencies = (
				7062FF8F2AFE7FD8004B50E9 /* PBXTargetDependency */,
			);
			name = SamFLTests;
			productName = SamFLTests;
			productReference = 7062FF8D2AFE7FD8004B50E9 /* SamFLTests.xctest */;
			productType = "com.apple.product-type.bundle.unit-test";
		};
		7062FF962AFE7FD8004B50E9 /* SamFLUITests */ = {
			isa = PBXNativeTarget;
			buildConfigurationList = 7062FFA72AFE7FD8004B50E9 /* Build configuration list for PBXNativeTarget "SamFLUITests" */;
			buildPhases = (
				7062FF932AFE7FD8004B50E9 /* Sources */,
				7062FF942AFE7FD8004B50E9 /* Frameworks */,
				7062FF952AFE7FD8004B50E9 /* Resources */,
			);
			buildRules = (
			);
			dependencies = (
				7062FF992AFE7FD8004B50E9 /* PBXTargetDependency */,
			);
			name = SamFLUITests;
			productName = SamFLUITests;
			productReference = 7062FF972AFE7FD8004B50E9 /* SamFLUITests.xctest */;
			productType = "com.apple.product-type.bundle.ui-testing";
		};
/* End PBXNativeTarget section */

/* Begin PBXProject section */
		7062FF6C2AFE7FD8004B50E9 /* Project object */ = {
			isa = PBXProject;
			attributes = {
				BuildIndependentTargetsInParallel = 1;
				LastSwiftUpdateCheck = 1500;
				LastUpgradeCheck = 1500;
				TargetAttributes = {
					7062FF732AFE7FD8004B50E9 = {
						CreatedOnToolsVersion = 15.0.1;
					};
					7062FF8C2AFE7FD8004B50E9 = {
						CreatedOnToolsVersion = 15.0.1;
						TestTargetID = 7062FF732AFE7FD8004B50E9;
					};
					7062FF962AFE7FD8004B50E9 = {
						CreatedOnToolsVersion = 15.0.1;
						TestTargetID = 7062FF732AFE7FD8004B50E9;
					};
				};
			};
			buildConfigurationList = 7062FF6F2AFE7FD8004B50E9 /* Build configuration list for PBXProject "SamFL" */;
			compatibilityVersion = "Xcode 14.0";
			developmentRegion = en;
			hasScannedForEncodings = 0;
			knownRegions = (
				en,
				Base,
			);
			mainGroup = 7062FF6B2AFE7FD8004B50E9;
			productRefGroup = 7062FF752AFE7FD8004B50E9 /* Products */;
			projectDirPath = "";
			projectRoot = "";
			targets = (
				7062FF732AFE7FD8004B50E9 /* SamFL */,
				7062FF8C2AFE7FD8004B50E9 /* SamFLTests */,
				7062FF962AFE7FD8004B50E9 /* SamFLUITests */,
			);
		};
/* End PBXProject section */

/* Begin PBXResourcesBuildPhase section */
		7062FF722AFE7FD8004B50E9 /* Resources */ = {
			isa = PBXResourcesBuildPhase;
			buildActionMask = 2147483647;
			files = (
				7062FFAD2AFE8A55004B50E9 /* SamFL.mp3 in Resources */,
				7062FF832AFE7FD8004B50E9 /* Main.storyboard in Resources */,
				7062FF7A2AFE7FD8004B50E9 /* GameScene.sks in Resources */,
				70C2E6982AFEB34400FD5803 /* Sam2.png in Resources */,
				7062FF852AFE7FD8004B50E9 /* Assets.xcassets in Resources */,
				7062FF882AFE7FD8004B50E9 /* LaunchScreen.storyboard in Resources */,
				7062FF7C2AFE7FD8004B50E9 /* Actions.sks in Resources */,
			);
			runOnlyForDeploymentPostprocessing = 0;
		};
		7062FF8B2AFE7FD8004B50E9 /* Resources */ = {
			isa = PBXResourcesBuildPhase;
			buildActionMask = 2147483647;
			files = (
			);
			runOnlyForDeploymentPostprocessing = 0;
		};
		7062FF952AFE7FD8004B50E9 /* Resources */ = {
			isa = PBXResourcesBuildPhase;
			buildActionMask = 2147483647;
			files = (
			);
			runOnlyForDeploymentPostprocessing = 0;
		};
/* End PBXResourcesBuildPhase section */

/* Begin PBXSourcesBuildPhase section */
		7062FF702AFE7FD8004B50E9 /* Sources */ = {
			isa = PBXSourcesBuildPhase;
			buildActionMask = 2147483647;
			files = (
				7062FF7E2AFE7FD8004B50E9 /* GameScene.swift in Sources */,
				7062FF802AFE7FD8004B50E9 /* GameViewController.swift in Sources */,
				7062FF782AFE7FD8004B50E9 /* AppDelegate.swift in Sources */,
			);
			runOnlyForDeploymentPostprocessing = 0;
		};
		7062FF892AFE7FD8004B50E9 /* Sources */ = {
			isa = PBXSourcesBuildPhase;
			buildActionMask = 2147483647;
			files = (
				7062FF922AFE7FD8004B50E9 /* SamFLTests.swift in Sources */,
			);
			runOnlyForDeploymentPostprocessing = 0;
		};
		7062FF932AFE7FD8004B50E9 /* Sources */ = {
			isa = PBXSourcesBuildPhase;
			buildActionMask = 2147483647;
			files = (
				7062FF9E2AFE7FD8004B50E9 /* SamFLUITestsLaunchTests.swift in Sources */,
				7062FF9C2AFE7FD8004B50E9 /* SamFLUITests.swift in Sources */,
			);
			runOnlyForDeploymentPostprocessing = 0;
		};
/* End PBXSourcesBuildPhase section */

/* Begin PBXTargetDependency section */
		7062FF8F2AFE7FD8004B50E9 /* PBXTargetDependency */ = {
			isa = PBXTargetDependency;
			target = 7062FF732AFE7FD8004B50E9 /* SamFL */;
			targetProxy = 7062FF8E2AFE7FD8004B50E9 /* PBXContainerItemProxy */;
		};
		7062FF992AFE7FD8004B50E9 /* PBXTargetDependency */ = {
			isa = PBXTargetDependency;
			target = 7062FF732AFE7FD8004B50E9 /* SamFL */;
			targetProxy = 7062FF982AFE7FD8004B50E9 /* PBXContainerItemProxy */;
		};
/* End PBXTargetDependency section */

/* Begin PBXVariantGroup section */
		7062FF812AFE7FD8004B50E9 /* Main.storyboard */ = {
			isa = PBXVariantGroup;
			children = (
				7062FF822AFE7FD8004B50E9 /* Base */,
			);
			name = Main.storyboard;
			sourceTree = "<group>";
		};
		7062FF862AFE7FD8004B50E9 /* LaunchScreen.storyboard */ = {
			isa = PBXVariantGroup;
			children = (
				7062FF872AFE7FD8004B50E9 /* Base */,
			);
			name = LaunchScreen.storyboard;
			sourceTree = "<group>";
		};
/* End PBXVariantGroup section */

/* Begin XCBuildConfiguration section */
		7062FF9F2AFE7FD8004B50E9 /* Debug */ = {
			isa = XCBuildConfiguration;
			buildSettings = {
				ALWAYS_SEARCH_USER_PATHS = NO;
				ASSETCATALOG_COMPILER_GENERATE_SWIFT_ASSET_SYMBOL_EXTENSIONS = YES;
				CLANG_ANALYZER_NONNULL = YES;
				CLANG_ANALYZER_NUMBER_OBJECT_CONVERSION = YES_AGGRESSIVE;
				CLANG_CXX_LANGUAGE_STANDARD = "gnu++20";
				CLANG_ENABLE_MODULES = YES;
				CLANG_ENABLE_OBJC_ARC = YES;
				CLANG_ENABLE_OBJC_WEAK = YES;
				CLANG_WARN_BLOCK_CAPTURE_AUTORELEASING = YES;
				CLANG_WARN_BOOL_CONVERSION = YES;
				CLANG_WARN_COMMA = YES;
				CLANG_WARN_CONSTANT_CONVERSION = YES;
				CLANG_WARN_DEPRECATED_OBJC_IMPLEMENTATIONS = YES;
				CLANG_WARN_DIRECT_OBJC_ISA_USAGE = YES_ERROR;
				CLANG_WARN_DOCUMENTATION_COMMENTS = YES;
				CLANG_WARN_EMPTY_BODY = YES;
				CLANG_WARN_ENUM_CONVERSION = YES;
				CLANG_WARN_INFINITE_RECURSION = YES;
				CLANG_WARN_INT_CONVERSION = YES;
				CLANG_WARN_NON_LITERAL_NULL_CONVERSION = YES;
				CLANG_WARN_OBJC_IMPLICIT_RETAIN_SELF = YES;
				CLANG_WARN_OBJC_LITERAL_CONVERSION = YES;
				CLANG_WARN_OBJC_ROOT_CLASS = YES_ERROR;
				CLANG_WARN_QUOTED_INCLUDE_IN_FRAMEWORK_HEADER = YES;
				CLANG_WARN_RANGE_LOOP_ANALYSIS = YES;
				CLANG_WARN_STRICT_PROTOTYPES = YES;
				CLANG_WARN_SUSPICIOUS_MOVE = YES;
				CLANG_WARN_UNGUARDED_AVAILABILITY = YES_AGGRESSIVE;
				CLANG_WARN_UNREACHABLE_CODE = YES;
				CLANG_WARN__DUPLICATE_METHOD_MATCH = YES;
				COPY_PHASE_STRIP = NO;
				DEBUG_INFORMATION_FORMAT = dwarf;
				ENABLE_STRICT_OBJC_MSGSEND = YES;
				ENABLE_TESTABILITY = YES;
				ENABLE_USER_SCRIPT_SANDBOXING = YES;
				GCC_C_LANGUAGE_STANDARD = gnu17;
				GCC_DYNAMIC_NO_PIC = NO;
				GCC_NO_COMMON_BLOCKS = YES;
				GCC_OPTIMIZATION_LEVEL = 0;
				GCC_PREPROCESSOR_DEFINITIONS = (
					"DEBUG=1",
					"$(inherited)",
				);
				GCC_WARN_64_TO_32_BIT_CONVERSION = YES;
				GCC_WARN_ABOUT_RETURN_TYPE = YES_ERROR;
				GCC_WARN_UNDECLARED_SELECTOR = YES;
				GCC_WARN_UNINITIALIZED_AUTOS = YES_AGGRESSIVE;
				GCC_WARN_UNUSED_FUNCTION = YES;
				GCC_WARN_UNUSED_VARIABLE = YES;
				IPHONEOS_DEPLOYMENT_TARGET = 17.0;
				LOCALIZATION_PREFERS_STRING_CATALOGS = YES;
				MTL_ENABLE_DEBUG_INFO = INCLUDE_SOURCE;
				MTL_FAST_MATH = YES;
				ONLY_ACTIVE_ARCH = YES;
				SDKROOT = iphoneos;
				SWIFT_ACTIVE_COMPILATION_CONDITIONS = "DEBUG $(inherited)";
				SWIFT_OPTIMIZATION_LEVEL = "-Onone";
			};
			name = Debug;
		};
		7062FFA02AFE7FD8004B50E9 /* Release */ = {
			isa = XCBuildConfiguration;
			buildSettings = {
				ALWAYS_SEARCH_USER_PATHS = NO;
				ASSETCATALOG_COMPILER_GENERATE_SWIFT_ASSET_SYMBOL_EXTENSIONS = YES;
				CLANG_ANALYZER_NONNULL = YES;
				CLANG_ANALYZER_NUMBER_OBJECT_CONVERSION = YES_AGGRESSIVE;
				CLANG_CXX_LANGUAGE_STANDARD = "gnu++20";
				CLANG_ENABLE_MODULES = YES;
				CLANG_ENABLE_OBJC_ARC = YES;
				CLANG_ENABLE_OBJC_WEAK = YES;
				CLANG_WARN_BLOCK_CAPTURE_AUTORELEASING = YES;
				CLANG_WARN_BOOL_CONVERSION = YES;
				CLANG_WARN_COMMA = YES;
				CLANG_WARN_CONSTANT_CONVERSION = YES;
				CLANG_WARN_DEPRECATED_OBJC_IMPLEMENTATIONS = YES;
				CLANG_WARN_DIRECT_OBJC_ISA_USAGE = YES_ERROR;
				CLANG_WARN_DOCUMENTATION_COMMENTS = YES;
				CLANG_WARN_EMPTY_BODY = YES;
				CLANG_WARN_ENUM_CONVERSION = YES;
				CLANG_WARN_INFINITE_RECURSION = YES;
				CLANG_WARN_INT_CONVERSION = YES;
				CLANG_WARN_NON_LITERAL_NULL_CONVERSION = YES;
				CLANG_WARN_OBJC_IMPLICIT_RETAIN_SELF = YES;
				CLANG_WARN_OBJC_LITERAL_CONVERSION = YES;
				CLANG_WARN_OBJC_ROOT_CLASS = YES_ERROR;
				CLANG_WARN_QUOTED_INCLUDE_IN_FRAMEWORK_HEADER = YES;
				CLANG_WARN_RANGE_LOOP_ANALYSIS = YES;
				CLANG_WARN_STRICT_PROTOTYPES = YES;
				CLANG_WARN_SUSPICIOUS_MOVE = YES;
				CLANG_WARN_UNGUARDED_AVAILABILITY = YES_AGGRESSIVE;
				CLANG_WARN_UNREACHABLE_CODE = YES;
				CLANG_WARN__DUPLICATE_METHOD_MATCH = YES;
				COPY_PHASE_STRIP = NO;
				DEBUG_INFORMATION_FORMAT = "dwarf-with-dsym";
				ENABLE_NS_ASSERTIONS = NO;
				ENABLE_STRICT_OBJC_MSGSEND = YES;
				ENABLE_USER_SCRIPT_SANDBOXING = YES;
				GCC_C_LANGUAGE_STANDARD = gnu17;
				GCC_NO_COMMON_BLOCKS = YES;
				GCC_WARN_64_TO_32_BIT_CONVERSION = YES;
				GCC_WARN_ABOUT_RETURN_TYPE = YES_ERROR;
				GCC_WARN_UNDECLARED_SELECTOR = YES;
				GCC_WARN_UNINITIALIZED_AUTOS = YES_AGGRESSIVE;
				GCC_WARN_UNUSED_FUNCTION = YES;
				GCC_WARN_UNUSED_VARIABLE = YES;
				IPHONEOS_DEPLOYMENT_TARGET = 17.0;
				LOCALIZATION_PREFERS_STRING_CATALOGS = YES;
				MTL_ENABLE_DEBUG_INFO = NO;
				MTL_FAST_MATH = YES;
				SDKROOT = iphoneos;
				SWIFT_COMPILATION_MODE = wholemodule;
				VALIDATE_PRODUCT = YES;
			};
			name = Release;
		};
		7062FFA22AFE7FD8004B50E9 /* Debug */ = {
			isa = XCBuildConfiguration;
			buildSettings = {
				ASSETCATALOG_COMPILER_APPICON_NAME = AppIcon;
				ASSETCATALOG_COMPILER_GLOBAL_ACCENT_COLOR_NAME = AccentColor;
				CODE_SIGN_STYLE = Automatic;
				CURRENT_PROJECT_VERSION = 1;
				DEVELOPMENT_TEAM = WK2NPPRK97;
				GENERATE_INFOPLIST_FILE = YES;
				INFOPLIST_KEY_LSApplicationCategoryType = "public.app-category.games";
				INFOPLIST_KEY_UIApplicationSupportsIndirectInputEvents = YES;
				INFOPLIST_KEY_UILaunchStoryboardName = LaunchScreen;
				INFOPLIST_KEY_UIMainStoryboardFile = Main;
				INFOPLIST_KEY_UIStatusBarHidden = YES;
				INFOPLIST_KEY_UIStatusBarStyle = "";
				INFOPLIST_KEY_UISupportedInterfaceOrientations_iPad = "UIInterfaceOrientationPortrait UIInterfaceOrientationPortraitUpsideDown UIInterfaceOrientationLandscapeLeft UIInterfaceOrientationLandscapeRight";
				INFOPLIST_KEY_UISupportedInterfaceOrientations_iPhone = "UIInterfaceOrientationPortrait UIInterfaceOrientationLandscapeLeft UIInterfaceOrientationLandscapeRight";
				LD_RUNPATH_SEARCH_PATHS = (
					"$(inherited)",
					"@executable_path/Frameworks",
				);
				MARKETING_VERSION = 1.0;
				PRODUCT_BUNDLE_IDENTIFIER = Smabby.SamFL;
				PRODUCT_NAME = "$(TARGET_NAME)";
				SWIFT_EMIT_LOC_STRINGS = YES;
				SWIFT_VERSION = 5.0;
				TARGETED_DEVICE_FAMILY = "1,2";
			};
			name = Debug;
		};
		7062FFA32AFE7FD8004B50E9 /* Release */ = {
			isa = XCBuildConfiguration;
			buildSettings = {
				ASSETCATALOG_COMPILER_APPICON_NAME = AppIcon;
				ASSETCATALOG_COMPILER_GLOBAL_ACCENT_COLOR_NAME = AccentColor;
				CODE_SIGN_STYLE = Automatic;
				CURRENT_PROJECT_VERSION = 1;
				DEVELOPMENT_TEAM = WK2NPPRK97;
				GENERATE_INFOPLIST_FILE = YES;
				INFOPLIST_KEY_LSApplicationCategoryType = "public.app-category.games";
				INFOPLIST_KEY_UIApplicationSupportsIndirectInputEvents = YES;
				INFOPLIST_KEY_UILaunchStoryboardName = LaunchScreen;
				INFOPLIST_KEY_UIMainStoryboardFile = Main;
				INFOPLIST_KEY_UIStatusBarHidden = YES;
				INFOPLIST_KEY_UIStatusBarStyle = "";
				INFOPLIST_KEY_UISupportedInterfaceOrientations_iPad = "UIInterfaceOrientationPortrait UIInterfaceOrientationPortraitUpsideDown UIInterfaceOrientationLandscapeLeft UIInterfaceOrientationLandscapeRight";
				INFOPLIST_KEY_UISupportedInterfaceOrientations_iPhone = "UIInterfaceOrientationPortrait UIInterfaceOrientationLandscapeLeft UIInterfaceOrientationLandscapeRight";
				LD_RUNPATH_SEARCH_PATHS = (
					"$(inherited)",
					"@executable_path/Frameworks",
				);
				MARKETING_VERSION = 1.0;
				PRODUCT_BUNDLE_IDENTIFIER = Smabby.SamFL;
				PRODUCT_NAME = "$(TARGET_NAME)";
				SWIFT_EMIT_LOC_STRINGS = YES;
				SWIFT_VERSION = 5.0;
				TARGETED_DEVICE_FAMILY = "1,2";
			};
			name = Release;
		};
		7062FFA52AFE7FD8004B50E9 /* Debug */ = {
			isa = XCBuildConfiguration;
			buildSettings = {
				ALWAYS_EMBED_SWIFT_STANDARD_LIBRARIES = YES;
				BUNDLE_LOADER = "$(TEST_HOST)";
				CODE_SIGN_STYLE = Automatic;
				CURRENT_PROJECT_VERSION = 1;
				DEVELOPMENT_TEAM = WK2NPPRK97;
				GENERATE_INFOPLIST_FILE = YES;
				IPHONEOS_DEPLOYMENT_TARGET = 17.0;
				MARKETING_VERSION = 1.0;
				PRODUCT_BUNDLE_IDENTIFIER = Smabby.SamFLTests;
				PRODUCT_NAME = "$(TARGET_NAME)";
				SWIFT_EMIT_LOC_STRINGS = NO;
				SWIFT_VERSION = 5.0;
				TARGETED_DEVICE_FAMILY = "1,2";
				TEST_HOST = "$(BUILT_PRODUCTS_DIR)/SamFL.app/$(BUNDLE_EXECUTABLE_FOLDER_PATH)/SamFL";
			};
			name = Debug;
		};
		7062FFA62AFE7FD8004B50E9 /* Release */ = {
			isa = XCBuildConfiguration;
			buildSettings = {
				ALWAYS_EMBED_SWIFT_STANDARD_LIBRARIES = YES;
				BUNDLE_LOADER = "$(TEST_HOST)";
				CODE_SIGN_STYLE = Automatic;
				CURRENT_PROJECT_VERSION = 1;
				DEVELOPMENT_TEAM = WK2NPPRK97;
				GENERATE_INFOPLIST_FILE = YES;
				IPHONEOS_DEPLOYMENT_TARGET = 17.0;
				MARKETING_VERSION = 1.0;
				PRODUCT_BUNDLE_IDENTIFIER = Smabby.SamFLTests;
				PRODUCT_NAME = "$(TARGET_NAME)";
				SWIFT_EMIT_LOC_STRINGS = NO;
				SWIFT_VERSION = 5.0;
				TARGETED_DEVICE_FAMILY = "1,2";
				TEST_HOST = "$(BUILT_PRODUCTS_DIR)/SamFL.app/$(BUNDLE_EXECUTABLE_FOLDER_PATH)/SamFL";
			};
			name = Release;
		};
		7062FFA82AFE7FD8004B50E9 /* Debug */ = {
			isa = XCBuildConfiguration;
			buildSettings = {
				ALWAYS_EMBED_SWIFT_STANDARD_LIBRARIES = YES;
				CODE_SIGN_STYLE = Automatic;
				CURRENT_PROJECT_VERSION = 1;
				DEVELOPMENT_TEAM = WK2NPPRK97;
				GENERATE_INFOPLIST_FILE = YES;
				MARKETING_VERSION = 1.0;
				PRODUCT_BUNDLE_IDENTIFIER = Smabby.SamFLUITests;
				PRODUCT_NAME = "$(TARGET_NAME)";
				SWIFT_EMIT_LOC_STRINGS = NO;
				SWIFT_VERSION = 5.0;
				TARGETED_DEVICE_FAMILY = "1,2";
				TEST_TARGET_NAME = SamFL;
			};
			name = Debug;
		};
		7062FFA92AFE7FD8004B50E9 /* Release */ = {
			isa = XCBuildConfiguration;
			buildSettings = {
				ALWAYS_EMBED_SWIFT_STANDARD_LIBRARIES = YES;
				CODE_SIGN_STYLE = Automatic;
				CURRENT_PROJECT_VERSION = 1;
				DEVELOPMENT_TEAM = WK2NPPRK97;
				GENERATE_INFOPLIST_FILE = YES;
				MARKETING_VERSION = 1.0;
				PRODUCT_BUNDLE_IDENTIFIER = Smabby.SamFLUITests;
				PRODUCT_NAME = "$(TARGET_NAME)";
				SWIFT_EMIT_LOC_STRINGS = NO;
				SWIFT_VERSION = 5.0;
				TARGETED_DEVICE_FAMILY = "1,2";
				TEST_TARGET_NAME = SamFL;
			};
			name = Release;
		};
/* End XCBuildConfiguration section */

/* Begin XCConfigurationList section */
		7062FF6F2AFE7FD8004B50E9 /* Build configuration list for PBXProject "SamFL" */ = {
			isa = XCConfigurationList;
			buildConfigurations = (
				7062FF9F2AFE7FD8004B50E9 /* Debug */,
				7062FFA02AFE7FD8004B50E9 /* Release */,
			);
			defaultConfigurationIsVisible = 0;
			defaultConfigurationName = Release;
		};
		7062FFA12AFE7FD8004B50E9 /* Build configuration list for PBXNativeTarget "SamFL" */ = {
			isa = XCConfigurationList;
			buildConfigurations = (
				7062FFA22AFE7FD8004B50E9 /* Debug */,
				7062FFA32AFE7FD8004B50E9 /* Release */,
			);
			defaultConfigurationIsVisible = 0;
			defaultConfigurationName = Release;
		};
		7062FFA42AFE7FD8004B50E9 /* Build configuration list for PBXNativeTarget "SamFLTests" */ = {
			isa = XCConfigurationList;
			buildConfigurations = (
				7062FFA52AFE7FD8004B50E9 /* Debug */,
				7062FFA62AFE7FD8004B50E9 /* Release */,
			);
			defaultConfigurationIsVisible = 0;
			defaultConfigurationName = Release;
		};
		7062FFA72AFE7FD8004B50E9 /* Build configuration list for PBXNativeTarget "SamFLUITests" */ = {
			isa = XCConfigurationList;
			buildConfigurations = (
				7062FFA82AFE7FD8004B50E9 /* Debug */,
				7062FFA92AFE7FD8004B50E9 /* Release */,
			);
			defaultConfigurationIsVisible = 0;
			defaultConfigurationName = Release;
		};
/* End XCConfigurationList section */
	};
	rootObject = 7062FF6C2AFE7FD8004B50E9 /* Project object */;
}
